
Microsoft Visual Studio Solution File, Format Version 12.00
# Visual Studio Version 16
VisualStudioVersion = 16.0.30523.141
MinimumVisualStudioVersion = 10.0.40219.1
Project("{2150E333-8FDC-42A3-9474-1A3956D46DE8}") = "Opdrachten", "Opdrachten", "{40D14DC0-1EC3-4C0C-8074-B4CD94541F27}"
	ProjectSection(SolutionItems) = preProject
		ocelot.json = ocelot.json
		Opdracht1.txt = Opdracht1.txt
		Opdracht2.txt = Opdracht2.txt
		Opdracht3.txt = Opdracht3.txt
		Opdracht4.txt = Opdracht4.txt
		Opdracht5.txt = Opdracht5.txt
	EndProjectSection
EndProject
Project("{9A19103F-16F7-4668-BE54-9A1E7A4F7556}") = "Profile.Service.Gateway", "Profile.Service.Gateway\Profile.Service.Gateway.csproj", "{DF287F2D-21D7-42AC-8E84-2B5E0E241C65}"
EndProject
Project("{9A19103F-16F7-4668-BE54-9A1E7A4F7556}") = "Profile.Service.Api", "Profile.Service.Api\Profile.Service.Api.csproj", "{C73ABA20-4F91-45E4-85D3-EB07773EA118}"
EndProject
Project("{E53339B2-1760-4266-BCC7-CA923CBCF16C}") = "docker-compose", "docker-compose.dcproj", "{884B6A91-F1F0-4B2B-9533-50831CC4668C}"
EndProject
Global
	GlobalSection(SolutionConfigurationPlatforms) = preSolution
		Debug|Any CPU = Debug|Any CPU
		Release|Any CPU = Release|Any CPU
	EndGlobalSection
	GlobalSection(ProjectConfigurationPlatforms) = postSolution
		{DF287F2D-21D7-42AC-8E84-2B5E0E241C65}.Debug|Any CPU.ActiveCfg = Debug|Any CPU
		{DF287F2D-21D7-42AC-8E84-2B5E0E241C65}.Debug|Any CPU.Build.0 = Debug|Any CPU
		{DF287F2D-21D7-42AC-8E84-2B5E0E241C65}.Release|Any CPU.ActiveCfg = Release|Any CPU
		{DF287F2D-21D7-42AC-8E84-2B5E0E241C65}.Release|Any CPU.Build.0 = Release|Any CPU
		{C73ABA20-4F91-45E4-85D3-EB07773EA118}.Debug|Any CPU.ActiveCfg = Debug|Any CPU
		{C73ABA20-4F91-45E4-85D3-EB07773EA118}.Debug|Any CPU.Build.0 = Debug|Any CPU
		{C73ABA20-4F91-45E4-85D3-EB07773EA118}.Release|Any CPU.ActiveCfg = Release|Any CPU
		{C73ABA20-4F91-45E4-85D3-EB07773EA118}.Release|Any CPU.Build.0 = Release|Any CPU
		{884B6A91-F1F0-4B2B-9533-50831CC4668C}.Debug|Any CPU.ActiveCfg = Debug|Any CPU
		{884B6A91-F1F0-4B2B-9533-50831CC4668C}.Debug|Any CPU.Build.0 = Debug|Any CPU
		{884B6A91-F1F0-4B2B-9533-50831CC4668C}.Release|Any CPU.ActiveCfg = Release|Any CPU
		{884B6A91-F1F0-4B2B-9533-50831CC4668C}.Release|Any CPU.Build.0 = Release|Any CPU
	EndGlobalSection
	GlobalSection(SolutionProperties) = preSolution
		HideSolutionNode = FALSE
	EndGlobalSection
	GlobalSection(ExtensibilityGlobals) = postSolution
		SolutionGuid = {1EA843DF-58D2-43C4-925A-61150F54039F}
	EndGlobalSection
EndGlobal
